// !$*UTF8*$!
{
	archiveVersion = 1;
	classes = {
	};
	objectVersion = 56;
	objects = {

/* Begin PBXBuildFile section */
		D78266A02BCC3E0200512184 /* LoginView.swift in Sources */ = {isa = PBXBuildFile; fileRef = D782669F2BCC3E0200512184 /* LoginView.swift */; };
		D78266A22BCC3E2100512184 /* SignupView.swift in Sources */ = {isa = PBXBuildFile; fileRef = D78266A12BCC3E2100512184 /* SignupView.swift */; };
		D78266A52BCC3F7D00512184 /* AuthenticatedView.swift in Sources */ = {isa = PBXBuildFile; fileRef = D78266A42BCC3F7D00512184 /* AuthenticatedView.swift */; };
		D78266A72BCC3FB800512184 /* AuthenticatedViewModel.swift in Sources */ = {isa = PBXBuildFile; fileRef = D78266A62BCC3FB800512184 /* AuthenticatedViewModel.swift */; };
		D78266A92BCC3FF300512184 /* UserProfileView.swift in Sources */ = {isa = PBXBuildFile; fileRef = D78266A82BCC3FF300512184 /* UserProfileView.swift */; };
		D78266AB2BCC42F000512184 /* FirebaseAnalyticsSwift in Frameworks */ = {isa = PBXBuildFile; productRef = D78266AA2BCC42F000512184 /* FirebaseAnalyticsSwift */; };
		D78266AD2BCC434E00512184 /* AuthenticationView.swift in Sources */ = {isa = PBXBuildFile; fileRef = D78266AC2BCC434E00512184 /* AuthenticationView.swift */; };
		D78266AF2BCC459600512184 /* NoteListView.swift in Sources */ = {isa = PBXBuildFile; fileRef = D78266AE2BCC459600512184 /* NoteListView.swift */; };
		D7DF3EA42BCC11E300B73954 /* NotesApp.swift in Sources */ = {isa = PBXBuildFile; fileRef = D7DF3EA32BCC11E300B73954 /* NotesApp.swift */; };
		D7DF3EA82BCC11E500B73954 /* Assets.xcassets in Resources */ = {isa = PBXBuildFile; fileRef = D7DF3EA72BCC11E500B73954 /* Assets.xcassets */; };
		D7DF3EAB2BCC11E500B73954 /* Preview Assets.xcassets in Resources */ = {isa = PBXBuildFile; fileRef = D7DF3EAA2BCC11E500B73954 /* Preview Assets.xcassets */; };
		D7DF3EB22BCC127C00B73954 /* GoogleService-Info.plist in Resources */ = {isa = PBXBuildFile; fileRef = D7DF3EB12BCC127C00B73954 /* GoogleService-Info.plist */; };
		D7DF3EB52BCC16A100B73954 /* FirebaseAnalytics in Frameworks */ = {isa = PBXBuildFile; productRef = D7DF3EB42BCC16A100B73954 /* FirebaseAnalytics */; };
		D7DF3EB72BCC16A100B73954 /* FirebaseAuth in Frameworks */ = {isa = PBXBuildFile; productRef = D7DF3EB62BCC16A100B73954 /* FirebaseAuth */; };
		D7DF3EB92BCC16A100B73954 /* FirebaseFirestore in Frameworks */ = {isa = PBXBuildFile; productRef = D7DF3EB82BCC16A100B73954 /* FirebaseFirestore */; };
		D7DF3EBB2BCC16A100B73954 /* FirebaseFirestoreSwift in Frameworks */ = {isa = PBXBuildFile; productRef = D7DF3EBA2BCC16A100B73954 /* FirebaseFirestoreSwift */; };
		D7DF3EBD2BCC17BC00B73954 /* NoteModel.swift in Sources */ = {isa = PBXBuildFile; fileRef = D7DF3EBC2BCC17BC00B73954 /* NoteModel.swift */; };
		D7DF3EBF2BCC18B400B73954 /* NoteViewModel.swift in Sources */ = {isa = PBXBuildFile; fileRef = D7DF3EBE2BCC18B400B73954 /* NoteViewModel.swift */; };
		D7DF3EC12BCC19E700B73954 /* NoteDetail.swift in Sources */ = {isa = PBXBuildFile; fileRef = D7DF3EC02BCC19E700B73954 /* NoteDetail.swift */; };
/* End PBXBuildFile section */

/* Begin PBXFileReference section */
		D782669F2BCC3E0200512184 /* LoginView.swift */ = {isa = PBXFileReference; lastKnownFileType = sourcecode.swift; path = LoginView.swift; sourceTree = "<group>"; };
		D78266A12BCC3E2100512184 /* SignupView.swift */ = {isa = PBXFileReference; lastKnownFileType = sourcecode.swift; path = SignupView.swift; sourceTree = "<group>"; };
		D78266A42BCC3F7D00512184 /* AuthenticatedView.swift */ = {isa = PBXFileReference; lastKnownFileType = sourcecode.swift; path = AuthenticatedView.swift; sourceTree = "<group>"; };
		D78266A62BCC3FB800512184 /* AuthenticatedViewModel.swift */ = {isa = PBXFileReference; lastKnownFileType = sourcecode.swift; path = AuthenticatedViewModel.swift; sourceTree = "<group>"; };
		D78266A82BCC3FF300512184 /* UserProfileView.swift */ = {isa = PBXFileReference; lastKnownFileType = sourcecode.swift; path = UserProfileView.swift; sourceTree = "<group>"; };
		D78266AC2BCC434E00512184 /* AuthenticationView.swift */ = {isa = PBXFileReference; lastKnownFileType = sourcecode.swift; path = AuthenticationView.swift; sourceTree = "<group>"; };
		D78266AE2BCC459600512184 /* NoteListView.swift */ = {isa = PBXFileReference; lastKnownFileType = sourcecode.swift; path = NoteListView.swift; sourceTree = "<group>"; };
		D7DF3EA02BCC11E300B73954 /* Notes.app */ = {isa = PBXFileReference; explicitFileType = wrapper.application; includeInIndex = 0; path = Notes.app; sourceTree = BUILT_PRODUCTS_DIR; };
		D7DF3EA32BCC11E300B73954 /* NotesApp.swift */ = {isa = PBXFileReference; lastKnownFileType = sourcecode.swift; path = NotesApp.swift; sourceTree = "<group>"; };
		D7DF3EA72BCC11E500B73954 /* Assets.xcassets */ = {isa = PBXFileReference; lastKnownFileType = folder.assetcatalog; path = Assets.xcassets; sourceTree = "<group>"; };
		D7DF3EAA2BCC11E500B73954 /* Preview Assets.xcassets */ = {isa = PBXFileReference; lastKnownFileType = folder.assetcatalog; path = "Preview Assets.xcassets"; sourceTree = "<group>"; };
		D7DF3EB12BCC127C00B73954 /* GoogleService-Info.plist */ = {isa = PBXFileReference; fileEncoding = 4; lastKnownFileType = text.plist.xml; path = "GoogleService-Info.plist"; sourceTree = "<group>"; };
		D7DF3EBC2BCC17BC00B73954 /* NoteModel.swift */ = {isa = PBXFileReference; lastKnownFileType = sourcecode.swift; path = NoteModel.swift; sourceTree = "<group>"; };
		D7DF3EBE2BCC18B400B73954 /* NoteViewModel.swift */ = {isa = PBXFileReference; lastKnownFileType = sourcecode.swift; path = NoteViewModel.swift; sourceTree = "<group>"; };
		D7DF3EC02BCC19E700B73954 /* NoteDetail.swift */ = {isa = PBXFileReference; lastKnownFileType = sourcecode.swift; path = NoteDetail.swift; sourceTree = "<group>"; };
/* End PBXFileReference section */

/* Begin PBXFrameworksBuildPhase section */
		D7DF3E9D2BCC11E300B73954 /* Frameworks */ = {
			isa = PBXFrameworksBuildPhase;
			buildActionMask = 2147483647;
			files = (
				D7DF3EB52BCC16A100B73954 /* FirebaseAnalytics in Frameworks */,
				D7DF3EB72BCC16A100B73954 /* FirebaseAuth in Frameworks */,
				D7DF3EB92BCC16A100B73954 /* FirebaseFirestore in Frameworks */,
				D7DF3EBB2BCC16A100B73954 /* FirebaseFirestoreSwift in Frameworks */,
				D78266AB2BCC42F000512184 /* FirebaseAnalyticsSwift in Frameworks */,
			);
			runOnlyForDeploymentPostprocessing = 0;
		};
/* End PBXFrameworksBuildPhase section */

/* Begin PBXGroup section */
		D78266A32BCC3E2800512184 /* Auth */ = {
			isa = PBXGroup;
			children = (
				D782669F2BCC3E0200512184 /* LoginView.swift */,
				D78266A12BCC3E2100512184 /* SignupView.swift */,
				D78266A42BCC3F7D00512184 /* AuthenticatedView.swift */,
				D78266A62BCC3FB800512184 /* AuthenticatedViewModel.swift */,
				D78266A82BCC3FF300512184 /* UserProfileView.swift */,
				D78266AC2BCC434E00512184 /* AuthenticationView.swift */,
			);
			path = Auth;
			sourceTree = "<group>";
		};
		D7DF3E972BCC11E300B73954 = {
			isa = PBXGroup;
			children = (
				D7DF3EA22BCC11E300B73954 /* Notes */,
				D7DF3EA12BCC11E300B73954 /* Products */,
			);
			sourceTree = "<group>";
		};
		D7DF3EA12BCC11E300B73954 /* Products */ = {
			isa = PBXGroup;
			children = (
				D7DF3EA02BCC11E300B73954 /* Notes.app */,
			);
			name = Products;
			sourceTree = "<group>";
		};
		D7DF3EA22BCC11E300B73954 /* Notes */ = {
			isa = PBXGroup;
			children = (
				D78266A32BCC3E2800512184 /* Auth */,
				D7DF3EA32BCC11E300B73954 /* NotesApp.swift */,
				D7DF3EBC2BCC17BC00B73954 /* NoteModel.swift */,
				D7DF3EBE2BCC18B400B73954 /* NoteViewModel.swift */,
				D78266AE2BCC459600512184 /* NoteListView.swift */,
				D7DF3EC02BCC19E700B73954 /* NoteDetail.swift */,
				D7DF3EA72BCC11E500B73954 /* Assets.xcassets */,
				D7DF3EB12BCC127C00B73954 /* GoogleService-Info.plist */,
				D7DF3EA92BCC11E500B73954 /* Preview Content */,
			);
			path = Notes;
			sourceTree = "<group>";
		};
		D7DF3EA92BCC11E500B73954 /* Preview Content */ = {
			isa = PBXGroup;
			children = (
				D7DF3EAA2BCC11E500B73954 /* Preview Assets.xcassets */,
			);
			path = "Preview Content";
			sourceTree = "<group>";
		};
/* End PBXGroup section */

/* Begin PBXNativeTarget section */
		D7DF3E9F2BCC11E300B73954 /* Notes */ = {
			isa = PBXNativeTarget;
			buildConfigurationList = D7DF3EAE2BCC11E500B73954 /* Build configuration list for PBXNativeTarget "Notes" */;
			buildPhases = (
				D7DF3E9C2BCC11E300B73954 /* Sources */,
				D7DF3E9D2BCC11E300B73954 /* Frameworks */,
				D7DF3E9E2BCC11E300B73954 /* Resources */,
			);
			buildRules = (
			);
			dependencies = (
			);
			name = Notes;
			packageProductDependencies = (
				D7DF3EB42BCC16A100B73954 /* FirebaseAnalytics */,
				D7DF3EB62BCC16A100B73954 /* FirebaseAuth */,
				D7DF3EB82BCC16A100B73954 /* FirebaseFirestore */,
				D7DF3EBA2BCC16A100B73954 /* FirebaseFirestoreSwift */,
				D78266AA2BCC42F000512184 /* FirebaseAnalyticsSwift */,
			);
			productName = Notes;
			productReference = D7DF3EA02BCC11E300B73954 /* Notes.app */;
			productType = "com.apple.product-type.application";
		};
/* End PBXNativeTarget section */

/* Begin PBXProject section */
		D7DF3E982BCC11E300B73954 /* Project object */ = {
			isa = PBXProject;
			attributes = {
				BuildIndependentTargetsInParallel = 1;
				LastSwiftUpdateCheck = 1530;
				LastUpgradeCheck = 1530;
				TargetAttributes = {
					D7DF3E9F2BCC11E300B73954 = {
						CreatedOnToolsVersion = 15.3;
					};
				};
			};
			buildConfigurationList = D7DF3E9B2BCC11E300B73954 /* Build configuration list for PBXProject "Notes" */;
			compatibilityVersion = "Xcode 14.0";
			developmentRegion = en;
			hasScannedForEncodings = 0;
			knownRegions = (
				en,
				Base,
			);
			mainGroup = D7DF3E972BCC11E300B73954;
			packageReferences = (
				D7DF3EB32BCC16A100B73954 /* XCRemoteSwiftPackageReference "firebase-ios-sdk" */,
			);
			productRefGroup = D7DF3EA12BCC11E300B73954 /* Products */;
			projectDirPath = "";
			projectRoot = "";
			targets = (
				D7DF3E9F2BCC11E300B73954 /* Notes */,
			);
		};
/* End PBXProject section */

/* Begin PBXResourcesBuildPhase section */
		D7DF3E9E2BCC11E300B73954 /* Resources */ = {
			isa = PBXResourcesBuildPhase;
			buildActionMask = 2147483647;
			files = (
				D7DF3EAB2BCC11E500B73954 /* Preview Assets.xcassets in Resources */,
				D7DF3EA82BCC11E500B73954 /* Assets.xcassets in Resources */,
				D7DF3EB22BCC127C00B73954 /* GoogleService-Info.plist in Resources */,
			);
			runOnlyForDeploymentPostprocessing = 0;
		};
/* End PBXResourcesBuildPhase section */

/* Begin PBXSourcesBuildPhase section */
		D7DF3E9C2BCC11E300B73954 /* Sources */ = {
			isa = PBXSourcesBuildPhase;
			buildActionMask = 2147483647;
			files = (
				D78266A52BCC3F7D00512184 /* AuthenticatedView.swift in Sources */,
				D78266A22BCC3E2100512184 /* SignupView.swift in Sources */,
				D78266AF2BCC459600512184 /* NoteListView.swift in Sources */,
				D78266A02BCC3E0200512184 /* LoginView.swift in Sources */,
				D7DF3EBF2BCC18B400B73954 /* NoteViewModel.swift in Sources */,
				D78266A92BCC3FF300512184 /* UserProfileView.swift in Sources */,
				D7DF3EBD2BCC17BC00B73954 /* NoteModel.swift in Sources */,
				D78266AD2BCC434E00512184 /* AuthenticationView.swift in Sources */,
				D78266A72BCC3FB800512184 /* AuthenticatedViewModel.swift in Sources */,
				D7DF3EA42BCC11E300B73954 /* NotesApp.swift in Sources */,
				D7DF3EC12BCC19E700B73954 /* NoteDetail.swift in Sources */,
			);
			runOnlyForDeploymentPostprocessing = 0;
		};
/* End PBXSourcesBuildPhase section */

/* Begin XCBuildConfiguration section */
		D7DF3EAC2BCC11E500B73954 /* Debug */ = {
			isa = XCBuildConfiguration;
			buildSettings = {
				ALWAYS_SEARCH_USER_PATHS = NO;
				ASSETCATALOG_COMPILER_GENERATE_SWIFT_ASSET_SYMBOL_EXTENSIONS = YES;
				CLANG_ANALYZER_NONNULL = YES;
				CLANG_ANALYZER_NUMBER_OBJECT_CONVERSION = YES_AGGRESSIVE;
				CLANG_CXX_LANGUAGE_STANDARD = "gnu++20";
				CLANG_ENABLE_MODULES = YES;
				CLANG_ENABLE_OBJC_ARC = YES;
				CLANG_ENABLE_OBJC_WEAK = YES;
				CLANG_WARN_BLOCK_CAPTURE_AUTORELEASING = YES;
				CLANG_WARN_BOOL_CONVERSION = YES;
				CLANG_WARN_COMMA = YES;
				CLANG_WARN_CONSTANT_CONVERSION = YES;
				CLANG_WARN_DEPRECATED_OBJC_IMPLEMENTATIONS = YES;
				CLANG_WARN_DIRECT_OBJC_ISA_USAGE = YES_ERROR;
				CLANG_WARN_DOCUMENTATION_COMMENTS = YES;
				CLANG_WARN_EMPTY_BODY = YES;
				CLANG_WARN_ENUM_CONVERSION = YES;
				CLANG_WARN_INFINITE_RECURSION = YES;
				CLANG_WARN_INT_CONVERSION = YES;
				CLANG_WARN_NON_LITERAL_NULL_CONVERSION = YES;
				CLANG_WARN_OBJC_IMPLICIT_RETAIN_SELF = YES;
				CLANG_WARN_OBJC_LITERAL_CONVERSION = YES;
				CLANG_WARN_OBJC_ROOT_CLASS = YES_ERROR;
				CLANG_WARN_QUOTED_INCLUDE_IN_FRAMEWORK_HEADER = YES;
				CLANG_WARN_RANGE_LOOP_ANALYSIS = YES;
				CLANG_WARN_STRICT_PROTOTYPES = YES;
				CLANG_WARN_SUSPICIOUS_MOVE = YES;
				CLANG_WARN_UNGUARDED_AVAILABILITY = YES_AGGRESSIVE;
				CLANG_WARN_UNREACHABLE_CODE = YES;
				CLANG_WARN__DUPLICATE_METHOD_MATCH = YES;
				COPY_PHASE_STRIP = NO;
				DEBUG_INFORMATION_FORMAT = dwarf;
				ENABLE_STRICT_OBJC_MSGSEND = YES;
				ENABLE_TESTABILITY = YES;
				ENABLE_USER_SCRIPT_SANDBOXING = YES;
				GCC_C_LANGUAGE_STANDARD = gnu17;
				GCC_DYNAMIC_NO_PIC = NO;
				GCC_NO_COMMON_BLOCKS = YES;
				GCC_OPTIMIZATION_LEVEL = 0;
				GCC_PREPROCESSOR_DEFINITIONS = (
					"DEBUG=1",
					"$(inherited)",
				);
				GCC_WARN_64_TO_32_BIT_CONVERSION = YES;
				GCC_WARN_ABOUT_RETURN_TYPE = YES_ERROR;
				GCC_WARN_UNDECLARED_SELECTOR = YES;
				GCC_WARN_UNINITIALIZED_AUTOS = YES_AGGRESSIVE;
				GCC_WARN_UNUSED_FUNCTION = YES;
				GCC_WARN_UNUSED_VARIABLE = YES;
				IPHONEOS_DEPLOYMENT_TARGET = 17.4;
				LOCALIZATION_PREFERS_STRING_CATALOGS = YES;
				MTL_ENABLE_DEBUG_INFO = INCLUDE_SOURCE;
				MTL_FAST_MATH = YES;
				ONLY_ACTIVE_ARCH = YES;
				SDKROOT = iphoneos;
				SWIFT_ACTIVE_COMPILATION_CONDITIONS = "DEBUG $(inherited)";
				SWIFT_OPTIMIZATION_LEVEL = "-Onone";
			};
			name = Debug;
		};
		D7DF3EAD2BCC11E500B73954 /* Release */ = {
			isa = XCBuildConfiguration;
			buildSettings = {
				ALWAYS_SEARCH_USER_PATHS = NO;
				ASSETCATALOG_COMPILER_GENERATE_SWIFT_ASSET_SYMBOL_EXTENSIONS = YES;
				CLANG_ANALYZER_NONNULL = YES;
				CLANG_ANALYZER_NUMBER_OBJECT_CONVERSION = YES_AGGRESSIVE;
				CLANG_CXX_LANGUAGE_STANDARD = "gnu++20";
				CLANG_ENABLE_MODULES = YES;
				CLANG_ENABLE_OBJC_ARC = YES;
				CLANG_ENABLE_OBJC_WEAK = YES;
				CLANG_WARN_BLOCK_CAPTURE_AUTORELEASING = YES;
				CLANG_WARN_BOOL_CONVERSION = YES;
				CLANG_WARN_COMMA = YES;
				CLANG_WARN_CONSTANT_CONVERSION = YES;
				CLANG_WARN_DEPRECATED_OBJC_IMPLEMENTATIONS = YES;
				CLANG_WARN_DIRECT_OBJC_ISA_USAGE = YES_ERROR;
				CLANG_WARN_DOCUMENTATION_COMMENTS = YES;
				CLANG_WARN_EMPTY_BODY = YES;
				CLANG_WARN_ENUM_CONVERSION = YES;
				CLANG_WARN_INFINITE_RECURSION = YES;
				CLANG_WARN_INT_CONVERSION = YES;
				CLANG_WARN_NON_LITERAL_NULL_CONVERSION = YES;
				CLANG_WARN_OBJC_IMPLICIT_RETAIN_SELF = YES;
				CLANG_WARN_OBJC_LITERAL_CONVERSION = YES;
				CLANG_WARN_OBJC_ROOT_CLASS = YES_ERROR;
				CLANG_WARN_QUOTED_INCLUDE_IN_FRAMEWORK_HEADER = YES;
				CLANG_WARN_RANGE_LOOP_ANALYSIS = YES;
				CLANG_WARN_STRICT_PROTOTYPES = YES;
				CLANG_WARN_SUSPICIOUS_MOVE = YES;
				CLANG_WARN_UNGUARDED_AVAILABILITY = YES_AGGRESSIVE;
				CLANG_WARN_UNREACHABLE_CODE = YES;
				CLANG_WARN__DUPLICATE_METHOD_MATCH = YES;
				COPY_PHASE_STRIP = NO;
				DEBUG_INFORMATION_FORMAT = "dwarf-with-dsym";
				ENABLE_NS_ASSERTIONS = NO;
				ENABLE_STRICT_OBJC_MSGSEND = YES;
				ENABLE_USER_SCRIPT_SANDBOXING = YES;
				GCC_C_LANGUAGE_STANDARD = gnu17;
				GCC_NO_COMMON_BLOCKS = YES;
				GCC_WARN_64_TO_32_BIT_CONVERSION = YES;
				GCC_WARN_ABOUT_RETURN_TYPE = YES_ERROR;
				GCC_WARN_UNDECLARED_SELECTOR = YES;
				GCC_WARN_UNINITIALIZED_AUTOS = YES_AGGRESSIVE;
				GCC_WARN_UNUSED_FUNCTION = YES;
				GCC_WARN_UNUSED_VARIABLE = YES;
				IPHONEOS_DEPLOYMENT_TARGET = 17.4;
				LOCALIZATION_PREFERS_STRING_CATALOGS = YES;
				MTL_ENABLE_DEBUG_INFO = NO;
				MTL_FAST_MATH = YES;
				SDKROOT = iphoneos;
				SWIFT_COMPILATION_MODE = wholemodule;
				VALIDATE_PRODUCT = YES;
			};
			name = Release;
		};
		D7DF3EAF2BCC11E500B73954 /* Debug */ = {
			isa = XCBuildConfiguration;
			buildSettings = {
				ASSETCATALOG_COMPILER_APPICON_NAME = AppIcon;
				ASSETCATALOG_COMPILER_GLOBAL_ACCENT_COLOR_NAME = AccentColor;
				CODE_SIGN_STYLE = Automatic;
				CURRENT_PROJECT_VERSION = 1;
				DEVELOPMENT_ASSET_PATHS = "\"Notes/Preview Content\"";
				ENABLE_PREVIEWS = YES;
				GENERATE_INFOPLIST_FILE = YES;
				INFOPLIST_KEY_UIApplicationSceneManifest_Generation = YES;
				INFOPLIST_KEY_UIApplicationSupportsIndirectInputEvents = YES;
				INFOPLIST_KEY_UILaunchScreen_Generation = YES;
				INFOPLIST_KEY_UISupportedInterfaceOrientations_iPad = "UIInterfaceOrientationPortrait UIInterfaceOrientationPortraitUpsideDown UIInterfaceOrientationLandscapeLeft UIInterfaceOrientationLandscapeRight";
				INFOPLIST_KEY_UISupportedInterfaceOrientations_iPhone = "UIInterfaceOrientationPortrait UIInterfaceOrientationLandscapeLeft UIInterfaceOrientationLandscapeRight";
				LD_RUNPATH_SEARCH_PATHS = (
					"$(inherited)",
					"@executable_path/Frameworks",
				);
				MARKETING_VERSION = 1.0;
				PRODUCT_BUNDLE_IDENTIFIER = edu.auburn.ejd0052.Notes;
				PRODUCT_NAME = "$(TARGET_NAME)";
				SWIFT_EMIT_LOC_STRINGS = YES;
				SWIFT_VERSION = 5.0;
				TARGETED_DEVICE_FAMILY = "1,2";
			};
			name = Debug;
		};
		D7DF3EB02BCC11E500B73954 /* Release */ = {
			isa = XCBuildConfiguration;
			buildSettings = {
				ASSETCATALOG_COMPILER_APPICON_NAME = AppIcon;
				ASSETCATALOG_COMPILER_GLOBAL_ACCENT_COLOR_NAME = AccentColor;
				CODE_SIGN_STYLE = Automatic;
				CURRENT_PROJECT_VERSION = 1;
				DEVELOPMENT_ASSET_PATHS = "\"Notes/Preview Content\"";
				ENABLE_PREVIEWS = YES;
				GENERATE_INFOPLIST_FILE = YES;
				INFOPLIST_KEY_UIApplicationSceneManifest_Generation = YES;
				INFOPLIST_KEY_UIApplicationSupportsIndirectInputEvents = YES;
				INFOPLIST_KEY_UILaunchScreen_Generation = YES;
				INFOPLIST_KEY_UISupportedInterfaceOrientations_iPad = "UIInterfaceOrientationPortrait UIInterfaceOrientationPortraitUpsideDown UIInterfaceOrientationLandscapeLeft UIInterfaceOrientationLandscapeRight";
				INFOPLIST_KEY_UISupportedInterfaceOrientations_iPhone = "UIInterfaceOrientationPortrait UIInterfaceOrientationLandscapeLeft UIInterfaceOrientationLandscapeRight";
				LD_RUNPATH_SEARCH_PATHS = (
					"$(inherited)",
					"@executable_path/Frameworks",
				);
				MARKETING_VERSION = 1.0;
				PRODUCT_BUNDLE_IDENTIFIER = edu.auburn.ejd0052.Notes;
				PRODUCT_NAME = "$(TARGET_NAME)";
				SWIFT_EMIT_LOC_STRINGS = YES;
				SWIFT_VERSION = 5.0;
				TARGETED_DEVICE_FAMILY = "1,2";
			};
			name = Release;
		};
/* End XCBuildConfiguration section */

/* Begin XCConfigurationList section */
		D7DF3E9B2BCC11E300B73954 /* Build configuration list for PBXProject "Notes" */ = {
			isa = XCConfigurationList;
			buildConfigurations = (
				D7DF3EAC2BCC11E500B73954 /* Debug */,
				D7DF3EAD2BCC11E500B73954 /* Release */,
			);
			defaultConfigurationIsVisible = 0;
			defaultConfigurationName = Release;
		};
		D7DF3EAE2BCC11E500B73954 /* Build configuration list for PBXNativeTarget "Notes" */ = {
			isa = XCConfigurationList;
			buildConfigurations = (
				D7DF3EAF2BCC11E500B73954 /* Debug */,
				D7DF3EB02BCC11E500B73954 /* Release */,
			);
			defaultConfigurationIsVisible = 0;
			defaultConfigurationName = Release;
		};
/* End XCConfigurationList section */

/* Begin XCRemoteSwiftPackageReference section */
		D7DF3EB32BCC16A100B73954 /* XCRemoteSwiftPackageReference "firebase-ios-sdk" */ = {
			isa = XCRemoteSwiftPackageReference;
			repositoryURL = "https://github.com/firebase/firebase-ios-sdk";
			requirement = {
				kind = upToNextMajorVersion;
				minimumVersion = 10.24.0;
			};
		};
/* End XCRemoteSwiftPackageReference section */

/* Begin XCSwiftPackageProductDependency section */
		D78266AA2BCC42F000512184 /* FirebaseAnalyticsSwift */ = {
			isa = XCSwiftPackageProductDependency;
			package = D7DF3EB32BCC16A100B73954 /* XCRemoteSwiftPackageReference "firebase-ios-sdk" */;
			productName = FirebaseAnalyticsSwift;
		};
		D7DF3EB42BCC16A100B73954 /* FirebaseAnalytics */ = {
			isa = XCSwiftPackageProductDependency;
			package = D7DF3EB32BCC16A100B73954 /* XCRemoteSwiftPackageReference "firebase-ios-sdk" */;
			productName = FirebaseAnalytics;
		};
		D7DF3EB62BCC16A100B73954 /* FirebaseAuth */ = {
			isa = XCSwiftPackageProductDependency;
			package = D7DF3EB32BCC16A100B73954 /* XCRemoteSwiftPackageReference "firebase-ios-sdk" */;
			productName = FirebaseAuth;
		};
		D7DF3EB82BCC16A100B73954 /* FirebaseFirestore */ = {
			isa = XCSwiftPackageProductDependency;
			package = D7DF3EB32BCC16A100B73954 /* XCRemoteSwiftPackageReference "firebase-ios-sdk" */;
			productName = FirebaseFirestore;
		};
		D7DF3EBA2BCC16A100B73954 /* FirebaseFirestoreSwift */ = {
			isa = XCSwiftPackageProductDependency;
			package = D7DF3EB32BCC16A100B73954 /* XCRemoteSwiftPackageReference "firebase-ios-sdk" */;
			productName = FirebaseFirestoreSwift;
		};
/* End XCSwiftPackageProductDependency section */
	};
	rootObject = D7DF3E982BCC11E300B73954 /* Project object */;
}
